<?xml version="1.0" encoding="UTF-8"?>
<CodeBlocks_project_file>
	<FileVersion major="1" minor="6"/>
	<Project>
		<Option title="EmbedResource"/>
		<Option makefile_is_custom="1"/>
		<Option compiler="gcc"/>
		<Option virtualFolders="CMake Files\;CMake Files\modules\;CMake Files\modules\embed-resource\;CMake Files\modules\nanogui\;CMake Files\modules\nanogui\ext\;CMake Files\modules\nanogui\ext\glfw\;CMake Files\modules\nanogui\ext\glfw\CMake\;CMake Files\modules\nanogui\ext\glfw\CMake\modules\;CMake Files\modules\nanogui\ext\glfw\src\;CMake Files\modules\MMC_UAVCAN_spec\;CMake Files\modules\MMC_UAVCAN_spec\libuavcan\;CMake Files\modules\MMC_UAVCAN_spec\libuavcan\libuavcan\;CMake Files\modules\MMC_UAVCAN_spec\libuavcan\libuavcan_drivers\;CMake Files\modules\MMC_UAVCAN_spec\libuavcan\libuavcan_drivers\linux\;CMake Files\modules\MMC_UAVCAN_spec\libuavcan\libuavcan_drivers\posix\;CMake Files\cmake\;CMake Files\cmake\Modules\;CMake Files\..\;CMake Files\..\..\;CMake Files\..\..\..\;CMake Files\..\..\..\usr\;CMake Files\..\..\..\usr\local\;CMake Files\..\..\..\usr\local\share\;CMake Files\..\..\..\usr\local\share\OpenCV\;"/>
		<Build>
			<Target title="all">
				<Option working_dir="/home/mmc-wy/mmc_onboard/modules/embed-resource"/>
				<Option type="4"/>
				<MakeCommands>
					<Build command="/usr/bin/make -j4 -f &quot;/home/mmc-wy/mmc_onboard/modules/embed-resource/Makefile&quot;  VERBOSE=1 all"/>
					<CompileFile command="/usr/bin/make -j4 -f &quot;/home/mmc-wy/mmc_onboard/modules/embed-resource/Makefile&quot;  VERBOSE=1 &quot;$file&quot;"/>
					<Clean command="/usr/bin/make -j4 -f &quot;/home/mmc-wy/mmc_onboard/modules/embed-resource/Makefile&quot;  VERBOSE=1 clean"/>
					<DistClean command="/usr/bin/make -j4 -f &quot;/home/mmc-wy/mmc_onboard/modules/embed-resource/Makefile&quot;  VERBOSE=1 clean"/>
				</MakeCommands>
			</Target>
			<Target title="embed-resource">
				<Option output="/home/mmc-wy/mmc_onboard/modules/embed-resource/embed-resource" prefix_auto="0" extension_auto="0"/>
				<Option working_dir="/home/mmc-wy/mmc_onboard/modules/embed-resource"/>
				<Option object_output="./"/>
				<Option type="1"/>
				<Option compiler="gcc"/>
				<Compiler>
					<Add option="-DUAVCAN_PLATFORM=linux"/>
					<Add option="-DUAVCAN_CPP_VERSION=UAVCAN_CPP11"/>
					<Add option="-DUAVCAN_MEM_POOL_BLOCK_SIZE=48"/>
					<Add option="-DUAVCAN_NO_ASSERTIONS"/>
					<Add option="-DNANOGUI_SHARED"/>
					<Add option="-DNVG_SHARED"/>
					<Add option="-DGLAD_GLAPI_EXPORT"/>
					<Add directory="/home/mmc-wy/mmc_onboard/modules/MMC_UAVCAN_spec/dsdl/generated/mmc"/>
					<Add directory="/home/mmc-wy/mmc_onboard/modules/MMC_UAVCAN_spec/libuavcan/libuavcan/include"/>
					<Add directory="/home/mmc-wy/mmc_onboard/modules/MMC_UAVCAN_spec/libuavcan/libuavcan/include/dsdlc_generated"/>
					<Add directory="/home/mmc-wy/mmc_onboard/modules/MMC_UAVCAN_spec/libuavcan/libuavcan_drivers/linux/include"/>
					<Add directory="/usr/local/include/gstreamer-1.0"/>
					<Add directory="/usr/local/lib/gstreamer-1.0/include"/>
					<Add directory="/usr/local/include/glib-2.0"/>
					<Add directory="/usr/local/lib/glib-2.0/include"/>
					<Add directory="/usr/local/include"/>
					<Add directory="/usr/local/include/opencv"/>
					<Add directory="/home/mmc-wy/mmc_onboard/modules/nanogui/include"/>
					<Add directory="/home/mmc-wy/mmc_onboard/modules/nanogui/ext/glfw/include"/>
					<Add directory="/home/mmc-wy/mmc_onboard/modules/nanogui/ext/nanovg/src"/>
					<Add directory="/home/mmc-wy/mmc_onboard/modules/nanogui/ext/eigen"/>
					<Add directory="/home/mmc-wy/mmc_onboard/modules/embed-resource"/>
					<Add directory="/usr/include/c++/5"/>
					<Add directory="/usr/include/x86_64-linux-gnu/c++/5"/>
					<Add directory="/usr/include/c++/5/backward"/>
					<Add directory="/usr/lib/gcc/x86_64-linux-gnu/5/include"/>
					<Add directory="/usr/lib/gcc/x86_64-linux-gnu/5/include-fixed"/>
					<Add directory="/usr/include/x86_64-linux-gnu"/>
					<Add directory="/usr/include"/>
				</Compiler>
				<MakeCommands>
					<Build command="/usr/bin/make -j4 -f &quot;/home/mmc-wy/mmc_onboard/modules/embed-resource/Makefile&quot;  VERBOSE=1 embed-resource"/>
					<CompileFile command="/usr/bin/make -j4 -f &quot;/home/mmc-wy/mmc_onboard/modules/embed-resource/Makefile&quot;  VERBOSE=1 &quot;$file&quot;"/>
					<Clean command="/usr/bin/make -j4 -f &quot;/home/mmc-wy/mmc_onboard/modules/embed-resource/Makefile&quot;  VERBOSE=1 clean"/>
					<DistClean command="/usr/bin/make -j4 -f &quot;/home/mmc-wy/mmc_onboard/modules/embed-resource/Makefile&quot;  VERBOSE=1 clean"/>
				</MakeCommands>
			</Target>
			<Target title="embed-resource/fast">
				<Option output="/home/mmc-wy/mmc_onboard/modules/embed-resource/embed-resource" prefix_auto="0" extension_auto="0"/>
				<Option working_dir="/home/mmc-wy/mmc_onboard/modules/embed-resource"/>
				<Option object_output="./"/>
				<Option type="1"/>
				<Option compiler="gcc"/>
				<Compiler>
					<Add option="-DUAVCAN_PLATFORM=linux"/>
					<Add option="-DUAVCAN_CPP_VERSION=UAVCAN_CPP11"/>
					<Add option="-DUAVCAN_MEM_POOL_BLOCK_SIZE=48"/>
					<Add option="-DUAVCAN_NO_ASSERTIONS"/>
					<Add option="-DNANOGUI_SHARED"/>
					<Add option="-DNVG_SHARED"/>
					<Add option="-DGLAD_GLAPI_EXPORT"/>
					<Add directory="/home/mmc-wy/mmc_onboard/modules/MMC_UAVCAN_spec/dsdl/generated/mmc"/>
					<Add directory="/home/mmc-wy/mmc_onboard/modules/MMC_UAVCAN_spec/libuavcan/libuavcan/include"/>
					<Add directory="/home/mmc-wy/mmc_onboard/modules/MMC_UAVCAN_spec/libuavcan/libuavcan/include/dsdlc_generated"/>
					<Add directory="/home/mmc-wy/mmc_onboard/modules/MMC_UAVCAN_spec/libuavcan/libuavcan_drivers/linux/include"/>
					<Add directory="/usr/local/include/gstreamer-1.0"/>
					<Add directory="/usr/local/lib/gstreamer-1.0/include"/>
					<Add directory="/usr/local/include/glib-2.0"/>
					<Add directory="/usr/local/lib/glib-2.0/include"/>
					<Add directory="/usr/local/include"/>
					<Add directory="/usr/local/include/opencv"/>
					<Add directory="/home/mmc-wy/mmc_onboard/modules/nanogui/include"/>
					<Add directory="/home/mmc-wy/mmc_onboard/modules/nanogui/ext/glfw/include"/>
					<Add directory="/home/mmc-wy/mmc_onboard/modules/nanogui/ext/nanovg/src"/>
					<Add directory="/home/mmc-wy/mmc_onboard/modules/nanogui/ext/eigen"/>
					<Add directory="/home/mmc-wy/mmc_onboard/modules/embed-resource"/>
					<Add directory="/usr/include/c++/5"/>
					<Add directory="/usr/include/x86_64-linux-gnu/c++/5"/>
					<Add directory="/usr/include/c++/5/backward"/>
					<Add directory="/usr/lib/gcc/x86_64-linux-gnu/5/include"/>
					<Add directory="/usr/lib/gcc/x86_64-linux-gnu/5/include-fixed"/>
					<Add directory="/usr/include/x86_64-linux-gnu"/>
					<Add directory="/usr/include"/>
				</Compiler>
				<MakeCommands>
					<Build command="/usr/bin/make -j4 -f &quot;/home/mmc-wy/mmc_onboard/modules/embed-resource/Makefile&quot;  VERBOSE=1 embed-resource/fast"/>
					<CompileFile command="/usr/bin/make -j4 -f &quot;/home/mmc-wy/mmc_onboard/modules/embed-resource/Makefile&quot;  VERBOSE=1 &quot;$file&quot;"/>
					<Clean command="/usr/bin/make -j4 -f &quot;/home/mmc-wy/mmc_onboard/modules/embed-resource/Makefile&quot;  VERBOSE=1 clean"/>
					<DistClean command="/usr/bin/make -j4 -f &quot;/home/mmc-wy/mmc_onboard/modules/embed-resource/Makefile&quot;  VERBOSE=1 clean"/>
				</MakeCommands>
			</Target>
		</Build>
		<Unit filename="/home/mmc-wy/mmc_onboard/modules/embed-resource/embedresource.cpp">
			<Option target="embed-resource"/>
		</Unit>
		<Unit filename="/home/mmc-wy/mmc_onboard/CMakeLists.txt">
			<Option virtualFolder="CMake Files\"/>
		</Unit>
		<Unit filename="/home/mmc-wy/mmc_onboard/modules/embed-resource/CMakeLists.txt">
			<Option virtualFolder="CMake Files\modules\embed-resource\"/>
		</Unit>
		<Unit filename="/home/mmc-wy/mmc_onboard/modules/nanogui/CMakeLists.txt">
			<Option virtualFolder="CMake Files\modules\nanogui\"/>
		</Unit>
		<Unit filename="/home/mmc-wy/mmc_onboard/modules/nanogui/ext/glfw/CMakeLists.txt">
			<Option virtualFolder="CMake Files\modules\nanogui\ext\glfw\"/>
		</Unit>
		<Unit filename="/home/mmc-wy/mmc_onboard/modules/nanogui/ext/glfw/CMake/modules/FindVulkan.cmake">
			<Option virtualFolder="CMake Files\modules\nanogui\ext\glfw\CMake\modules\"/>
		</Unit>
		<Unit filename="/home/mmc-wy/mmc_onboard/modules/nanogui/ext/glfw/src/CMakeLists.txt">
			<Option virtualFolder="CMake Files\modules\nanogui\ext\glfw\src\"/>
		</Unit>
		<Unit filename="/home/mmc-wy/mmc_onboard/modules/nanogui/ext/glfw/src/glfw3.pc.in">
			<Option virtualFolder="CMake Files\modules\nanogui\ext\glfw\src\"/>
		</Unit>
		<Unit filename="/home/mmc-wy/mmc_onboard/modules/nanogui/ext/glfw/src/glfw3Config.cmake.in">
			<Option virtualFolder="CMake Files\modules\nanogui\ext\glfw\src\"/>
		</Unit>
		<Unit filename="/home/mmc-wy/mmc_onboard/modules/nanogui/ext/glfw/src/glfw_config.h.in">
			<Option virtualFolder="CMake Files\modules\nanogui\ext\glfw\src\"/>
		</Unit>
		<Unit filename="/home/mmc-wy/mmc_onboard/modules/MMC_UAVCAN_spec/CMakeLists.txt">
			<Option virtualFolder="CMake Files\modules\MMC_UAVCAN_spec\"/>
		</Unit>
		<Unit filename="/home/mmc-wy/mmc_onboard/modules/MMC_UAVCAN_spec/libuavcan/CMakeLists.txt">
			<Option virtualFolder="CMake Files\modules\MMC_UAVCAN_spec\libuavcan\"/>
		</Unit>
		<Unit filename="/home/mmc-wy/mmc_onboard/modules/MMC_UAVCAN_spec/libuavcan/CMakeLists.txt.in">
			<Option virtualFolder="CMake Files\modules\MMC_UAVCAN_spec\libuavcan\"/>
		</Unit>
		<Unit filename="/home/mmc-wy/mmc_onboard/modules/MMC_UAVCAN_spec/libuavcan/libuavcan/CMakeLists.txt">
			<Option virtualFolder="CMake Files\modules\MMC_UAVCAN_spec\libuavcan\libuavcan\"/>
		</Unit>
		<Unit filename="/home/mmc-wy/mmc_onboard/modules/MMC_UAVCAN_spec/libuavcan/libuavcan_drivers/linux/CMakeLists.txt">
			<Option virtualFolder="CMake Files\modules\MMC_UAVCAN_spec\libuavcan\libuavcan_drivers\linux\"/>
		</Unit>
		<Unit filename="/home/mmc-wy/mmc_onboard/modules/MMC_UAVCAN_spec/libuavcan/libuavcan_drivers/posix/CMakeLists.txt">
			<Option virtualFolder="CMake Files\modules\MMC_UAVCAN_spec\libuavcan\libuavcan_drivers\posix\"/>
		</Unit>
		<Unit filename="/home/mmc-wy/mmc_onboard/cmake/Modules/FindGLM.cmake">
			<Option virtualFolder="CMake Files\cmake\Modules\"/>
		</Unit>
		<Unit filename="/home/mmc-wy/mmc_onboard/../../../usr/local/share/OpenCV/OpenCVConfig-version.cmake">
			<Option virtualFolder="CMake Files\..\..\..\usr\local\share\OpenCV\"/>
		</Unit>
		<Unit filename="/home/mmc-wy/mmc_onboard/../../../usr/local/share/OpenCV/OpenCVConfig.cmake">
			<Option virtualFolder="CMake Files\..\..\..\usr\local\share\OpenCV\"/>
		</Unit>
		<Unit filename="/home/mmc-wy/mmc_onboard/../../../usr/local/share/OpenCV/OpenCVModules-release.cmake">
			<Option virtualFolder="CMake Files\..\..\..\usr\local\share\OpenCV\"/>
		</Unit>
		<Unit filename="/home/mmc-wy/mmc_onboard/../../../usr/local/share/OpenCV/OpenCVModules.cmake">
			<Option virtualFolder="CMake Files\..\..\..\usr\local\share\OpenCV\"/>
		</Unit>
	</Project>
</CodeBlocks_project_file>
